// !$*UTF8*$!
{
	archiveVersion = 1;
	classes = {
	};
	objectVersion = 46;
	objects = {

/* Begin PBXBuildFile section */
		D25345DE1A534F54005C8855 /* AppDelegate.swift in Sources */ = {isa = PBXBuildFile; fileRef = D25345DD1A534F54005C8855 /* AppDelegate.swift */; };
		D25345E11A534F54005C8855 /* Foodtracker.xcdatamodeld in Sources */ = {isa = PBXBuildFile; fileRef = D25345DF1A534F54005C8855 /* Foodtracker.xcdatamodeld */; };
		D25345E31A534F54005C8855 /* ViewController.swift in Sources */ = {isa = PBXBuildFile; fileRef = D25345E21A534F54005C8855 /* ViewController.swift */; };
		D25345E61A534F54005C8855 /* Main.storyboard in Resources */ = {isa = PBXBuildFile; fileRef = D25345E41A534F54005C8855 /* Main.storyboard */; };
		D25345E81A534F54005C8855 /* Images.xcassets in Resources */ = {isa = PBXBuildFile; fileRef = D25345E71A534F54005C8855 /* Images.xcassets */; };
		D25345EB1A534F54005C8855 /* LaunchScreen.xib in Resources */ = {isa = PBXBuildFile; fileRef = D25345E91A534F54005C8855 /* LaunchScreen.xib */; };
		D25345F71A534F54005C8855 /* FoodtrackerTests.swift in Sources */ = {isa = PBXBuildFile; fileRef = D25345F61A534F54005C8855 /* FoodtrackerTests.swift */; };
		D25346011A5351DD005C8855 /* DetailViewController.swift in Sources */ = {isa = PBXBuildFile; fileRef = D25346001A5351DD005C8855 /* DetailViewController.swift */; };
		D25346031A54386A005C8855 /* DataController.swift in Sources */ = {isa = PBXBuildFile; fileRef = D25346021A54386A005C8855 /* DataController.swift */; };
		D25346061A547C8A005C8855 /* USDAItem.swift in Sources */ = {isa = PBXBuildFile; fileRef = D25346051A547C8A005C8855 /* USDAItem.swift */; };
/* End PBXBuildFile section */

/* Begin PBXContainerItemProxy section */
		D25345F11A534F54005C8855 /* PBXContainerItemProxy */ = {
			isa = PBXContainerItemProxy;
			containerPortal = D25345D01A534F54005C8855 /* Project object */;
			proxyType = 1;
			remoteGlobalIDString = D25345D71A534F54005C8855;
			remoteInfo = Foodtracker;
		};
/* End PBXContainerItemProxy section */

/* Begin PBXFileReference section */
		D25345D81A534F54005C8855 /* Foodtracker.app */ = {isa = PBXFileReference; explicitFileType = wrapper.application; includeInIndex = 0; path = Foodtracker.app; sourceTree = BUILT_PRODUCTS_DIR; };
		D25345DC1A534F54005C8855 /* Info.plist */ = {isa = PBXFileReference; lastKnownFileType = text.plist.xml; path = Info.plist; sourceTree = "<group>"; };
		D25345DD1A534F54005C8855 /* AppDelegate.swift */ = {isa = PBXFileReference; lastKnownFileType = sourcecode.swift; path = AppDelegate.swift; sourceTree = "<group>"; };
		D25345E01A534F54005C8855 /* Foodtracker.xcdatamodel */ = {isa = PBXFileReference; lastKnownFileType = wrapper.xcdatamodel; path = Foodtracker.xcdatamodel; sourceTree = "<group>"; };
		D25345E21A534F54005C8855 /* ViewController.swift */ = {isa = PBXFileReference; lastKnownFileType = sourcecode.swift; path = ViewController.swift; sourceTree = "<group>"; };
		D25345E51A534F54005C8855 /* Base */ = {isa = PBXFileReference; lastKnownFileType = file.storyboard; name = Base; path = Base.lproj/Main.storyboard; sourceTree = "<group>"; };
		D25345E71A534F54005C8855 /* Images.xcassets */ = {isa = PBXFileReference; lastKnownFileType = folder.assetcatalog; path = Images.xcassets; sourceTree = "<group>"; };
		D25345EA1A534F54005C8855 /* Base */ = {isa = PBXFileReference; lastKnownFileType = file.xib; name = Base; path = Base.lproj/LaunchScreen.xib; sourceTree = "<group>"; };
		D25345F01A534F54005C8855 /* FoodtrackerTests.xctest */ = {isa = PBXFileReference; explicitFileType = wrapper.cfbundle; includeInIndex = 0; path = FoodtrackerTests.xctest; sourceTree = BUILT_PRODUCTS_DIR; };
		D25345F51A534F54005C8855 /* Info.plist */ = {isa = PBXFileReference; lastKnownFileType = text.plist.xml; path = Info.plist; sourceTree = "<group>"; };
		D25345F61A534F54005C8855 /* FoodtrackerTests.swift */ = {isa = PBXFileReference; lastKnownFileType = sourcecode.swift; path = FoodtrackerTests.swift; sourceTree = "<group>"; };
		D25346001A5351DD005C8855 /* DetailViewController.swift */ = {isa = PBXFileReference; fileEncoding = 4; lastKnownFileType = sourcecode.swift; path = DetailViewController.swift; sourceTree = "<group>"; };
		D25346021A54386A005C8855 /* DataController.swift */ = {isa = PBXFileReference; fileEncoding = 4; lastKnownFileType = sourcecode.swift; path = DataController.swift; sourceTree = "<group>"; };
		D25346051A547C8A005C8855 /* USDAItem.swift */ = {isa = PBXFileReference; fileEncoding = 4; lastKnownFileType = sourcecode.swift; path = USDAItem.swift; sourceTree = "<group>"; };
/* End PBXFileReference section */

/* Begin PBXFrameworksBuildPhase section */
		D25345D51A534F54005C8855 /* Frameworks */ = {
			isa = PBXFrameworksBuildPhase;
			buildActionMask = 2147483647;
			files = (
			);
			runOnlyForDeploymentPostprocessing = 0;
		};
		D25345ED1A534F54005C8855 /* Frameworks */ = {
			isa = PBXFrameworksBuildPhase;
			buildActionMask = 2147483647;
			files = (
			);
			runOnlyForDeploymentPostprocessing = 0;
		};
/* End PBXFrameworksBuildPhase section */

/* Begin PBXGroup section */
		D25345CF1A534F54005C8855 = {
			isa = PBXGroup;
			children = (
				D25345DA1A534F54005C8855 /* Foodtracker */,
				D25345F31A534F54005C8855 /* FoodtrackerTests */,
				D25345D91A534F54005C8855 /* Products */,
			);
			sourceTree = "<group>";
		};
		D25345D91A534F54005C8855 /* Products */ = {
			isa = PBXGroup;
			children = (
				D25345D81A534F54005C8855 /* Foodtracker.app */,
				D25345F01A534F54005C8855 /* FoodtrackerTests.xctest */,
			);
			name = Products;
			sourceTree = "<group>";
		};
		D25345DA1A534F54005C8855 /* Foodtracker */ = {
			isa = PBXGroup;
			children = (
				D25346041A547B84005C8855 /* Model */,
				D25345E41A534F54005C8855 /* Main.storyboard */,
				D25345DD1A534F54005C8855 /* AppDelegate.swift */,
				D25346001A5351DD005C8855 /* DetailViewController.swift */,
				D25345E71A534F54005C8855 /* Images.xcassets */,
				D25345E91A534F54005C8855 /* LaunchScreen.xib */,
				D25345E21A534F54005C8855 /* ViewController.swift */,
				D25345DB1A534F54005C8855 /* Supporting Files */,
			);
			path = Foodtracker;
			sourceTree = "<group>";
		};
		D25345DB1A534F54005C8855 /* Supporting Files */ = {
			isa = PBXGroup;
			children = (
				D25345DC1A534F54005C8855 /* Info.plist */,
			);
			name = "Supporting Files";
			sourceTree = "<group>";
		};
		D25345F31A534F54005C8855 /* FoodtrackerTests */ = {
			isa = PBXGroup;
			children = (
				D25345F61A534F54005C8855 /* FoodtrackerTests.swift */,
				D25345F41A534F54005C8855 /* Supporting Files */,
			);
			path = FoodtrackerTests;
			sourceTree = "<group>";
		};
		D25345F41A534F54005C8855 /* Supporting Files */ = {
			isa = PBXGroup;
			children = (
				D25345F51A534F54005C8855 /* Info.plist */,
			);
			name = "Supporting Files";
			sourceTree = "<group>";
		};
		D25346041A547B84005C8855 /* Model */ = {
			isa = PBXGroup;
			children = (
				D25345DF1A534F54005C8855 /* Foodtracker.xcdatamodeld */,
				D25346021A54386A005C8855 /* DataController.swift */,
				D25346051A547C8A005C8855 /* USDAItem.swift */,
			);
			name = Model;
			sourceTree = "<group>";
		};
/* End PBXGroup section */

/* Begin PBXNativeTarget section */
		D25345D71A534F54005C8855 /* Foodtracker */ = {
			isa = PBXNativeTarget;
			buildConfigurationList = D25345FA1A534F54005C8855 /* Build configuration list for PBXNativeTarget "Foodtracker" */;
			buildPhases = (
				D25345D41A534F54005C8855 /* Sources */,
				D25345D51A534F54005C8855 /* Frameworks */,
				D25345D61A534F54005C8855 /* Resources */,
			);
			buildRules = (
			);
			dependencies = (
			);
			name = Foodtracker;
			productName = Foodtracker;
			productReference = D25345D81A534F54005C8855 /* Foodtracker.app */;
			productType = "com.apple.product-type.application";
		};
		D25345EF1A534F54005C8855 /* FoodtrackerTests */ = {
			isa = PBXNativeTarget;
			buildConfigurationList = D25345FD1A534F54005C8855 /* Build configuration list for PBXNativeTarget "FoodtrackerTests" */;
			buildPhases = (
				D25345EC1A534F54005C8855 /* Sources */,
				D25345ED1A534F54005C8855 /* Frameworks */,
				D25345EE1A534F54005C8855 /* Resources */,
			);
			buildRules = (
			);
			dependencies = (
				D25345F21A534F54005C8855 /* PBXTargetDependency */,
			);
			name = FoodtrackerTests;
			productName = FoodtrackerTests;
			productReference = D25345F01A534F54005C8855 /* FoodtrackerTests.xctest */;
			productType = "com.apple.product-type.bundle.unit-test";
		};
/* End PBXNativeTarget section */

/* Begin PBXProject section */
		D25345D01A534F54005C8855 /* Project object */ = {
			isa = PBXProject;
			attributes = {
				LastUpgradeCheck = 0610;
				ORGANIZATIONNAME = "Spider Monkey Tech";
				TargetAttributes = {
					D25345D71A534F54005C8855 = {
						CreatedOnToolsVersion = 6.1.1;
					};
					D25345EF1A534F54005C8855 = {
						CreatedOnToolsVersion = 6.1.1;
						TestTargetID = D25345D71A534F54005C8855;
					};
				};
			};
			buildConfigurationList = D25345D31A534F54005C8855 /* Build configuration list for PBXProject "Foodtracker" */;
			compatibilityVersion = "Xcode 3.2";
			developmentRegion = English;
			hasScannedForEncodings = 0;
			knownRegions = (
				en,
				Base,
			);
			mainGroup = D25345CF1A534F54005C8855;
			productRefGroup = D25345D91A534F54005C8855 /* Products */;
			projectDirPath = "";
			projectRoot = "";
			targets = (
				D25345D71A534F54005C8855 /* Foodtracker */,
				D25345EF1A534F54005C8855 /* FoodtrackerTests */,
			);
		};
/* End PBXProject section */

/* Begin PBXResourcesBuildPhase section */
		D25345D61A534F54005C8855 /* Resources */ = {
			isa = PBXResourcesBuildPhase;
			buildActionMask = 2147483647;
			files = (
				D25345E61A534F54005C8855 /* Main.storyboard in Resources */,
				D25345EB1A534F54005C8855 /* LaunchScreen.xib in Resources */,
				D25345E81A534F54005C8855 /* Images.xcassets in Resources */,
			);
			runOnlyForDeploymentPostprocessing = 0;
		};
		D25345EE1A534F54005C8855 /* Resources */ = {
			isa = PBXResourcesBuildPhase;
			buildActionMask = 2147483647;
			files = (
			);
			runOnlyForDeploymentPostprocessing = 0;
		};
/* End PBXResourcesBuildPhase section */

/* Begin PBXSourcesBuildPhase section */
		D25345D41A534F54005C8855 /* Sources */ = {
			isa = PBXSourcesBuildPhase;
			buildActionMask = 2147483647;
			files = (
				D25346031A54386A005C8855 /* DataController.swift in Sources */,
				D25345E31A534F54005C8855 /* ViewController.swift in Sources */,
				D25345E11A534F54005C8855 /* Foodtracker.xcdatamodeld in Sources */,
				D25346061A547C8A005C8855 /* USDAItem.swift in Sources */,
				D25345DE1A534F54005C8855 /* AppDelegate.swift in Sources */,
				D25346011A5351DD005C8855 /* DetailViewController.swift in Sources */,
			);
			runOnlyForDeploymentPostprocessing = 0;
		};
		D25345EC1A534F54005C8855 /* Sources */ = {
			isa = PBXSourcesBuildPhase;
			buildActionMask = 2147483647;
			files = (
				D25345F71A534F54005C8855 /* FoodtrackerTests.swift in Sources */,
			);
			runOnlyForDeploymentPostprocessing = 0;
		};
/* End PBXSourcesBuildPhase section */

/* Begin PBXTargetDependency section */
		D25345F21A534F54005C8855 /* PBXTargetDependency */ = {
			isa = PBXTargetDependency;
			target = D25345D71A534F54005C8855 /* Foodtracker */;
			targetProxy = D25345F11A534F54005C8855 /* PBXContainerItemProxy */;
		};
/* End PBXTargetDependency section */

/* Begin PBXVariantGroup section */
		D25345E41A534F54005C8855 /* Main.storyboard */ = {
			isa = PBXVariantGroup;
			children = (
				D25345E51A534F54005C8855 /* Base */,
			);
			name = Main.storyboard;
			sourceTree = "<group>";
		};
		D25345E91A534F54005C8855 /* LaunchScreen.xib */ = {
			isa = PBXVariantGroup;
			children = (
				D25345EA1A534F54005C8855 /* Base */,
			);
			name = LaunchScreen.xib;
			sourceTree = "<group>";
		};
/* End PBXVariantGroup section */

/* Begin XCBuildConfiguration section */
		D25345F81A534F54005C8855 /* Debug */ = {
			isa = XCBuildConfiguration;
			buildSettings = {
				ALWAYS_SEARCH_USER_PATHS = NO;
				CLANG_CXX_LANGUAGE_STANDARD = "gnu++0x";
				CLANG_CXX_LIBRARY = "libc++";
				CLANG_ENABLE_MODULES = YES;
				CLANG_ENABLE_OBJC_ARC = YES;
				CLANG_WARN_BOOL_CONVERSION = YES;
				CLANG_WARN_CONSTANT_CONVERSION = YES;
				CLANG_WARN_DIRECT_OBJC_ISA_USAGE = YES_ERROR;
				CLANG_WARN_EMPTY_BODY = YES;
				CLANG_WARN_ENUM_CONVERSION = YES;
				CLANG_WARN_INT_CONVERSION = YES;
				CLANG_WARN_OBJC_ROOT_CLASS = YES_ERROR;
				CLANG_WARN_UNREACHABLE_CODE = YES;
				CLANG_WARN__DUPLICATE_METHOD_MATCH = YES;
				"CODE_SIGN_IDENTITY[sdk=iphoneos*]" = "iPhone Developer";
				COPY_PHASE_STRIP = NO;
				ENABLE_STRICT_OBJC_MSGSEND = YES;
				GCC_C_LANGUAGE_STANDARD = gnu99;
				GCC_DYNAMIC_NO_PIC = NO;
				GCC_OPTIMIZATION_LEVEL = 0;
				GCC_PREPROCESSOR_DEFINITIONS = (
					"DEBUG=1",
					"$(inherited)",
				);
				GCC_SYMBOLS_PRIVATE_EXTERN = NO;
				GCC_WARN_64_TO_32_BIT_CONVERSION = YES;
				GCC_WARN_ABOUT_RETURN_TYPE = YES_ERROR;
				GCC_WARN_UNDECLARED_SELECTOR = YES;
				GCC_WARN_UNINITIALIZED_AUTOS = YES_AGGRESSIVE;
				GCC_WARN_UNUSED_FUNCTION = YES;
				GCC_WARN_UNUSED_VARIABLE = YES;
				IPHONEOS_DEPLOYMENT_TARGET = 8.1;
				MTL_ENABLE_DEBUG_INFO = YES;
				ONLY_ACTIVE_ARCH = YES;
				SDKROOT = iphoneos;
				SWIFT_OPTIMIZATION_LEVEL = "-Onone";
				TARGETED_DEVICE_FAMILY = "1,2";
			};
			name = Debug;
		};
		D25345F91A534F54005C8855 /* Release */ = {
			isa = XCBuildConfiguration;
			buildSettings = {
				ALWAYS_SEARCH_USER_PATHS = NO;
				CLANG_CXX_LANGUAGE_STANDARD = "gnu++0x";
				CLANG_CXX_LIBRARY = "libc++";
				CLANG_ENABLE_MODULES = YES;
				CLANG_ENABLE_OBJC_ARC = YES;
				CLANG_WARN_BOOL_CONVERSION = YES;
				CLANG_WARN_CONSTANT_CONVERSION = YES;
				CLANG_WARN_DIRECT_OBJC_ISA_USAGE = YES_ERROR;
				CLANG_WARN_EMPTY_BODY = YES;
				CLANG_WARN_ENUM_CONVERSION = YES;
				CLANG_WARN_INT_CONVERSION = YES;
				CLANG_WARN_OBJC_ROOT_CLASS = YES_ERROR;
				CLANG_WARN_UNREACHABLE_CODE = YES;
				CLANG_WARN__DUPLICATE_METHOD_MATCH = YES;
				"CODE_SIGN_IDENTITY[sdk=iphoneos*]" = "iPhone Developer";
				COPY_PHASE_STRIP = YES;
				ENABLE_NS_ASSERTIONS = NO;
				ENABLE_STRICT_OBJC_MSGSEND = YES;
				GCC_C_LANGUAGE_STANDARD = gnu99;
				GCC_WARN_64_TO_32_BIT_CONVERSION = YES;
				GCC_WARN_ABOUT_RETURN_TYPE = YES_ERROR;
				GCC_WARN_UNDECLARED_SELECTOR = YES;
				GCC_WARN_UNINITIALIZED_AUTOS = YES_AGGRESSIVE;
				GCC_WARN_UNUSED_FUNCTION = YES;
				GCC_WARN_UNUSED_VARIABLE = YES;
				IPHONEOS_DEPLOYMENT_TARGET = 8.1;
				MTL_ENABLE_DEBUG_INFO = NO;
				SDKROOT = iphoneos;
				TARGETED_DEVICE_FAMILY = "1,2";
				VALIDATE_PRODUCT = YES;
			};
			name = Release;
		};
		D25345FB1A534F54005C8855 /* Debug */ = {
			isa = XCBuildConfiguration;
			buildSettings = {
				ASSETCATALOG_COMPILER_APPICON_NAME = AppIcon;
				INFOPLIST_FILE = Foodtracker/Info.plist;
				LD_RUNPATH_SEARCH_PATHS = "$(inherited) @executable_path/Frameworks";
				PRODUCT_NAME = "$(TARGET_NAME)";
			};
			name = Debug;
		};
		D25345FC1A534F54005C8855 /* Release */ = {
			isa = XCBuildConfiguration;
			buildSettings = {
				ASSETCATALOG_COMPILER_APPICON_NAME = AppIcon;
				INFOPLIST_FILE = Foodtracker/Info.plist;
				LD_RUNPATH_SEARCH_PATHS = "$(inherited) @executable_path/Frameworks";
				PRODUCT_NAME = "$(TARGET_NAME)";
			};
			name = Release;
		};
		D25345FE1A534F54005C8855 /* Debug */ = {
			isa = XCBuildConfiguration;
			buildSettings = {
				BUNDLE_LOADER = "$(TEST_HOST)";
				FRAMEWORK_SEARCH_PATHS = (
					"$(SDKROOT)/Developer/Library/Frameworks",
					"$(inherited)",
				);
				GCC_PREPROCESSOR_DEFINITIONS = (
					"DEBUG=1",
					"$(inherited)",
				);
				INFOPLIST_FILE = FoodtrackerTests/Info.plist;
				LD_RUNPATH_SEARCH_PATHS = "$(inherited) @executable_path/Frameworks @loader_path/Frameworks";
				PRODUCT_NAME = "$(TARGET_NAME)";
				TEST_HOST = "$(BUILT_PRODUCTS_DIR)/Foodtracker.app/Foodtracker";
			};
			name = Debug;
		};
		D25345FF1A534F54005C8855 /* Release */ = {
			isa = XCBuildConfiguration;
			buildSettings = {
				BUNDLE_LOADER = "$(TEST_HOST)";
				FRAMEWORK_SEARCH_PATHS = (
					"$(SDKROOT)/Developer/Library/Frameworks",
					"$(inherited)",
				);
				INFOPLIST_FILE = FoodtrackerTests/Info.plist;
				LD_RUNPATH_SEARCH_PATHS = "$(inherited) @executable_path/Frameworks @loader_path/Frameworks";
				PRODUCT_NAME = "$(TARGET_NAME)";
				TEST_HOST = "$(BUILT_PRODUCTS_DIR)/Foodtracker.app/Foodtracker";
			};
			name = Release;
		};
/* End XCBuildConfiguration section */

/* Begin XCConfigurationList section */
		D25345D31A534F54005C8855 /* Build configuration list for PBXProject "Foodtracker" */ = {
			isa = XCConfigurationList;
			buildConfigurations = (
				D25345F81A534F54005C8855 /* Debug */,
				D25345F91A534F54005C8855 /* Release */,
			);
			defaultConfigurationIsVisible = 0;
			defaultConfigurationName = Release;
		};
		D25345FA1A534F54005C8855 /* Build configuration list for PBXNativeTarget "Foodtracker" */ = {
			isa = XCConfigurationList;
			buildConfigurations = (
				D25345FB1A534F54005C8855 /* Debug */,
				D25345FC1A534F54005C8855 /* Release */,
			);
			defaultConfigurationIsVisible = 0;
		};
		D25345FD1A534F54005C8855 /* Build configuration list for PBXNativeTarget "FoodtrackerTests" */ = {
			isa = XCConfigurationList;
			buildConfigurations = (
				D25345FE1A534F54005C8855 /* Debug */,
				D25345FF1A534F54005C8855 /* Release */,
			);
			defaultConfigurationIsVisible = 0;
		};
/* End XCConfigurationList section */

/* Begin XCVersionGroup section */
		D25345DF1A534F54005C8855 /* Foodtracker.xcdatamodeld */ = {
			isa = XCVersionGroup;
			children = (
				D25345E01A534F54005C8855 /* Foodtracker.xcdatamodel */,
			);
			currentVersion = D25345E01A534F54005C8855 /* Foodtracker.xcdatamodel */;
			path = Foodtracker.xcdatamodeld;
			sourceTree = "<group>";
			versionGroupType = wrapper.xcdatamodel;
		};
/* End XCVersionGroup section */
	};
	rootObject = D25345D01A534F54005C8855 /* Project object */;
}
